// !$*UTF8*$!
{
	archiveVersion = 1;
	classes = {
	};
	objectVersion = 50;
	objects = {

/* Begin PBXBuildFile section */
		AF4F27CD21BC3B3200D39C60 /* KnobFramework.h in Headers */ = {isa = PBXBuildFile; fileRef = AF4F27CB21BC3B3200D39C60 /* KnobFramework.h */; settings = {ATTRIBUTES = (Public, ); }; };
		AF4F27DA21BC3DD000D39C60 /* CircularSlider.swift in Sources */ = {isa = PBXBuildFile; fileRef = AF4F27D321BC3DD000D39C60 /* CircularSlider.swift */; };
		AF4F27DB21BC3DD000D39C60 /* CircularLayer.swift in Sources */ = {isa = PBXBuildFile; fileRef = AF4F27D421BC3DD000D39C60 /* CircularLayer.swift */; };
		AF4F27DC21BC3DD000D39C60 /* DotLayer.swift in Sources */ = {isa = PBXBuildFile; fileRef = AF4F27D521BC3DD000D39C60 /* DotLayer.swift */; };
		AF4F27DD21BC3DD000D39C60 /* KnobView.swift in Sources */ = {isa = PBXBuildFile; fileRef = AF4F27D621BC3DD000D39C60 /* KnobView.swift */; };
		AF4F27DE21BC3DD000D39C60 /* Extensions.swift in Sources */ = {isa = PBXBuildFile; fileRef = AF4F27D721BC3DD000D39C60 /* Extensions.swift */; };
		AF4F27DF21BC3DD000D39C60 /* PointerView.swift in Sources */ = {isa = PBXBuildFile; fileRef = AF4F27D821BC3DD000D39C60 /* PointerView.swift */; };
		AF4F27E021BC3DD000D39C60 /* DotView.swift in Sources */ = {isa = PBXBuildFile; fileRef = AF4F27D921BC3DD000D39C60 /* DotView.swift */; };
		AF4F27E921BC6A8200D39C60 /* .gitignore in Resources */ = {isa = PBXBuildFile; fileRef = AF4F27E521BC6A8200D39C60 /* .gitignore */; };
		AF4F27EA21BC6A8200D39C60 /* LICENSE in Resources */ = {isa = PBXBuildFile; fileRef = AF4F27E621BC6A8200D39C60 /* LICENSE */; };
		AF4F27EB21BC6A8200D39C60 /* .codebeatsettings in Resources */ = {isa = PBXBuildFile; fileRef = AF4F27E721BC6A8200D39C60 /* .codebeatsettings */; };
		AF4F27EC21BC6A8200D39C60 /* .swift-version in Resources */ = {isa = PBXBuildFile; fileRef = AF4F27E821BC6A8200D39C60 /* .swift-version */; };
		AF4F280E21BC94A100D39C60 /* KnobFramework.podspec in Resources */ = {isa = PBXBuildFile; fileRef = AF4F280D21BC94A100D39C60 /* KnobFramework.podspec */; };
		FDE1C785BDA3FFA82992A815 /* libPods-KnobFramework.a in Frameworks */ = {isa = PBXBuildFile; fileRef = F7FDC350CB218A84F96BF04E /* libPods-KnobFramework.a */; };
/* End PBXBuildFile section */

/* Begin PBXFileReference section */
		AF4F27C821BC3B3200D39C60 /* KnobFramework.framework */ = {isa = PBXFileReference; explicitFileType = wrapper.framework; includeInIndex = 0; path = KnobFramework.framework; sourceTree = BUILT_PRODUCTS_DIR; };
		AF4F27CB21BC3B3200D39C60 /* KnobFramework.h */ = {isa = PBXFileReference; lastKnownFileType = sourcecode.c.h; path = KnobFramework.h; sourceTree = "<group>"; };
		AF4F27CC21BC3B3200D39C60 /* Info.plist */ = {isa = PBXFileReference; lastKnownFileType = text.plist.xml; path = Info.plist; sourceTree = "<group>"; };
		AF4F27D321BC3DD000D39C60 /* CircularSlider.swift */ = {isa = PBXFileReference; fileEncoding = 4; lastKnownFileType = sourcecode.swift; path = CircularSlider.swift; sourceTree = "<group>"; };
		AF4F27D421BC3DD000D39C60 /* CircularLayer.swift */ = {isa = PBXFileReference; fileEncoding = 4; lastKnownFileType = sourcecode.swift; path = CircularLayer.swift; sourceTree = "<group>"; };
		AF4F27D521BC3DD000D39C60 /* DotLayer.swift */ = {isa = PBXFileReference; fileEncoding = 4; lastKnownFileType = sourcecode.swift; path = DotLayer.swift; sourceTree = "<group>"; };
		AF4F27D621BC3DD000D39C60 /* KnobView.swift */ = {isa = PBXFileReference; fileEncoding = 4; lastKnownFileType = sourcecode.swift; path = KnobView.swift; sourceTree = "<group>"; };
		AF4F27D721BC3DD000D39C60 /* Extensions.swift */ = {isa = PBXFileReference; fileEncoding = 4; lastKnownFileType = sourcecode.swift; path = Extensions.swift; sourceTree = "<group>"; };
		AF4F27D821BC3DD000D39C60 /* PointerView.swift */ = {isa = PBXFileReference; fileEncoding = 4; lastKnownFileType = sourcecode.swift; path = PointerView.swift; sourceTree = "<group>"; };
		AF4F27D921BC3DD000D39C60 /* DotView.swift */ = {isa = PBXFileReference; fileEncoding = 4; lastKnownFileType = sourcecode.swift; path = DotView.swift; sourceTree = "<group>"; };
		AF4F27E221BC693000D39C60 /* README.md */ = {isa = PBXFileReference; lastKnownFileType = net.daringfireball.markdown; path = README.md; sourceTree = "<group>"; };
		AF4F27E521BC6A8200D39C60 /* .gitignore */ = {isa = PBXFileReference; fileEncoding = 4; lastKnownFileType = text; path = .gitignore; sourceTree = "<group>"; };
		AF4F27E621BC6A8200D39C60 /* LICENSE */ = {isa = PBXFileReference; fileEncoding = 4; lastKnownFileType = text; path = LICENSE; sourceTree = "<group>"; };
		AF4F27E721BC6A8200D39C60 /* .codebeatsettings */ = {isa = PBXFileReference; fileEncoding = 4; lastKnownFileType = text; path = .codebeatsettings; sourceTree = "<group>"; };
		AF4F27E821BC6A8200D39C60 /* .swift-version */ = {isa = PBXFileReference; fileEncoding = 4; lastKnownFileType = text; path = ".swift-version"; sourceTree = "<group>"; };
		AF4F280D21BC94A100D39C60 /* KnobFramework.podspec */ = {isa = PBXFileReference; fileEncoding = 4; lastKnownFileType = text; path = KnobFramework.podspec; sourceTree = "<group>"; };
		CD06525455A889F9C77DF83D /* Pods-KnobFramework.release.xcconfig */ = {isa = PBXFileReference; includeInIndex = 1; lastKnownFileType = text.xcconfig; name = "Pods-KnobFramework.release.xcconfig"; path = "Pods/Target Support Files/Pods-KnobFramework/Pods-KnobFramework.release.xcconfig"; sourceTree = "<group>"; };
		E79A965E70FE5C13B3DAFCB6 /* Pods-KnobFramework.debug.xcconfig */ = {isa = PBXFileReference; includeInIndex = 1; lastKnownFileType = text.xcconfig; name = "Pods-KnobFramework.debug.xcconfig"; path = "Pods/Target Support Files/Pods-KnobFramework/Pods-KnobFramework.debug.xcconfig"; sourceTree = "<group>"; };
		F7FDC350CB218A84F96BF04E /* libPods-KnobFramework.a */ = {isa = PBXFileReference; explicitFileType = archive.ar; includeInIndex = 0; path = "libPods-KnobFramework.a"; sourceTree = BUILT_PRODUCTS_DIR; };
/* End PBXFileReference section */

/* Begin PBXFrameworksBuildPhase section */
		AF4F27C521BC3B3200D39C60 /* Frameworks */ = {
			isa = PBXFrameworksBuildPhase;
			buildActionMask = 2147483647;
			files = (
				FDE1C785BDA3FFA82992A815 /* libPods-KnobFramework.a in Frameworks */,
			);
			runOnlyForDeploymentPostprocessing = 0;
		};
/* End PBXFrameworksBuildPhase section */

/* Begin PBXGroup section */
		39B98C47AA8B4792DF7C299D /* Pods */ = {
			isa = PBXGroup;
			children = (
				E79A965E70FE5C13B3DAFCB6 /* Pods-KnobFramework.debug.xcconfig */,
				CD06525455A889F9C77DF83D /* Pods-KnobFramework.release.xcconfig */,
			);
			name = Pods;
			sourceTree = "<group>";
		};
		AF4F27BE21BC3B3200D39C60 = {
			isa = PBXGroup;
			children = (
				AF4F27E121BC691A00D39C60 /* Podspec Metadata */,
				AF4F27CA21BC3B3200D39C60 /* KnobFramework */,
				AF4F27C921BC3B3200D39C60 /* Products */,
				39B98C47AA8B4792DF7C299D /* Pods */,
				B381CC5598F6BFBA4C33DBA7 /* Frameworks */,
			);
			sourceTree = "<group>";
		};
		AF4F27C921BC3B3200D39C60 /* Products */ = {
			isa = PBXGroup;
			children = (
				AF4F27C821BC3B3200D39C60 /* KnobFramework.framework */,
			);
			name = Products;
			sourceTree = "<group>";
		};
		AF4F27CA21BC3B3200D39C60 /* KnobFramework */ = {
			isa = PBXGroup;
			children = (
				AF4F27CB21BC3B3200D39C60 /* KnobFramework.h */,
				AF4F27D321BC3DD000D39C60 /* CircularSlider.swift */,
				AF4F27D421BC3DD000D39C60 /* CircularLayer.swift */,
				AF4F27D521BC3DD000D39C60 /* DotLayer.swift */,
				AF4F27D921BC3DD000D39C60 /* DotView.swift */,
				AF4F27D721BC3DD000D39C60 /* Extensions.swift */,
				AF4F27D621BC3DD000D39C60 /* KnobView.swift */,
				AF4F27D821BC3DD000D39C60 /* PointerView.swift */,
				AF4F27CC21BC3B3200D39C60 /* Info.plist */,
			);
			path = KnobFramework;
			sourceTree = "<group>";
		};
		AF4F27E121BC691A00D39C60 /* Podspec Metadata */ = {
			isa = PBXGroup;
			children = (
				AF4F280D21BC94A100D39C60 /* KnobFramework.podspec */,
				AF4F27E221BC693000D39C60 /* README.md */,
				AF4F27E621BC6A8200D39C60 /* LICENSE */,
				AF4F27E721BC6A8200D39C60 /* .codebeatsettings */,
				AF4F27E521BC6A8200D39C60 /* .gitignore */,
				AF4F27E821BC6A8200D39C60 /* .swift-version */,
			);
			name = "Podspec Metadata";
			sourceTree = "<group>";
		};
		B381CC5598F6BFBA4C33DBA7 /* Frameworks */ = {
			isa = PBXGroup;
			children = (
				F7FDC350CB218A84F96BF04E /* libPods-KnobFramework.a */,
			);
			name = Frameworks;
			sourceTree = "<group>";
		};
/* End PBXGroup section */

/* Begin PBXHeadersBuildPhase section */
		AF4F27C321BC3B3200D39C60 /* Headers */ = {
			isa = PBXHeadersBuildPhase;
			buildActionMask = 2147483647;
			files = (
				AF4F27CD21BC3B3200D39C60 /* KnobFramework.h in Headers */,
			);
			runOnlyForDeploymentPostprocessing = 0;
		};
/* End PBXHeadersBuildPhase section */

/* Begin PBXNativeTarget section */
		AF4F27C721BC3B3200D39C60 /* KnobFramework */ = {
			isa = PBXNativeTarget;
			buildConfigurationList = AF4F27D021BC3B3200D39C60 /* Build configuration list for PBXNativeTarget "KnobFramework" */;
			buildPhases = (
				296DA0EAE7F5454A1D6F1995 /* [CP] Check Pods Manifest.lock */,
				AF4F27C321BC3B3200D39C60 /* Headers */,
				AF4F27C421BC3B3200D39C60 /* Sources */,
				AF4F27C521BC3B3200D39C60 /* Frameworks */,
				AF4F27C621BC3B3200D39C60 /* Resources */,
			);
			buildRules = (
			);
			dependencies = (
			);
			name = KnobFramework;
			productName = KnobFramework;
			productReference = AF4F27C821BC3B3200D39C60 /* KnobFramework.framework */;
			productType = "com.apple.product-type.framework";
		};
/* End PBXNativeTarget section */

/* Begin PBXProject section */
		AF4F27BF21BC3B3200D39C60 /* Project object */ = {
			isa = PBXProject;
			attributes = {
				LastUpgradeCheck = 1010;
				ORGANIZATIONNAME = "Jalal Ouraigua";
				TargetAttributes = {
					AF4F27C721BC3B3200D39C60 = {
						CreatedOnToolsVersion = 10.1;
						LastSwiftMigration = 1010;
					};
				};
			};
			buildConfigurationList = AF4F27C221BC3B3200D39C60 /* Build configuration list for PBXProject "KnobFramework" */;
			compatibilityVersion = "Xcode 9.3";
			developmentRegion = en;
			hasScannedForEncodings = 0;
			knownRegions = (
				en,
			);
			mainGroup = AF4F27BE21BC3B3200D39C60;
			productRefGroup = AF4F27C921BC3B3200D39C60 /* Products */;
			projectDirPath = "";
			projectRoot = "";
			targets = (
				AF4F27C721BC3B3200D39C60 /* KnobFramework */,
			);
		};
/* End PBXProject section */

/* Begin PBXResourcesBuildPhase section */
		AF4F27C621BC3B3200D39C60 /* Resources */ = {
			isa = PBXResourcesBuildPhase;
			buildActionMask = 2147483647;
			files = (
				AF4F27EA21BC6A8200D39C60 /* LICENSE in Resources */,
				AF4F27E921BC6A8200D39C60 /* .gitignore in Resources */,
				AF4F27EB21BC6A8200D39C60 /* .codebeatsettings in Resources */,
				AF4F27EC21BC6A8200D39C60 /* .swift-version in Resources */,
				AF4F280E21BC94A100D39C60 /* KnobFramework.podspec in Resources */,
			);
			runOnlyForDeploymentPostprocessing = 0;
		};
/* End PBXResourcesBuildPhase section */

/* Begin PBXShellScriptBuildPhase section */
		296DA0EAE7F5454A1D6F1995 /* [CP] Check Pods Manifest.lock */ = {
			isa = PBXShellScriptBuildPhase;
			buildActionMask = 2147483647;
			files = (
			);
			inputPaths = (
				"${PODS_PODFILE_DIR_PATH}/Podfile.lock",
				"${PODS_ROOT}/Manifest.lock",
			);
			name = "[CP] Check Pods Manifest.lock";
			outputPaths = (
				"$(DERIVED_FILE_DIR)/Pods-KnobFramework-checkManifestLockResult.txt",
			);
			runOnlyForDeploymentPostprocessing = 0;
			shellPath = /bin/sh;
			shellScript = "diff \"${PODS_PODFILE_DIR_PATH}/Podfile.lock\" \"${PODS_ROOT}/Manifest.lock\" > /dev/null\nif [ $? != 0 ] ; then\n    # print error to STDERR\n    echo \"error: The sandbox is not in sync with the Podfile.lock. Run 'pod install' or update your CocoaPods installation.\" >&2\n    exit 1\nfi\n# This output is used by Xcode 'outputs' to avoid re-running this script phase.\necho \"SUCCESS\" > \"${SCRIPT_OUTPUT_FILE_0}\"\n";
			showEnvVarsInLog = 0;
		};
/* End PBXShellScriptBuildPhase section */

/* Begin PBXSourcesBuildPhase section */
		AF4F27C421BC3B3200D39C60 /* Sources */ = {
			isa = PBXSourcesBuildPhase;
			buildActionMask = 2147483647;
			files = (
				AF4F27DE21BC3DD000D39C60 /* Extensions.swift in Sources */,
				AF4F27E021BC3DD000D39C60 /* DotView.swift in Sources */,
				AF4F27DB21BC3DD000D39C60 /* CircularLayer.swift in Sources */,
				AF4F27DC21BC3DD000D39C60 /* DotLayer.swift in Sources */,
				AF4F27DD21BC3DD000D39C60 /* KnobView.swift in Sources */,
				AF4F27DF21BC3DD000D39C60 /* PointerView.swift in Sources */,
				AF4F27DA21BC3DD000D39C60 /* CircularSlider.swift in Sources */,
			);
			runOnlyForDeploymentPostprocessing = 0;
		};
/* End PBXSourcesBuildPhase section */

/* Begin XCBuildConfiguration section */
		AF4F27CE21BC3B3200D39C60 /* Debug */ = {
			isa = XCBuildConfiguration;
			buildSettings = {
				ALWAYS_SEARCH_USER_PATHS = NO;
				CLANG_ANALYZER_NONNULL = YES;
				CLANG_ANALYZER_NUMBER_OBJECT_CONVERSION = YES_AGGRESSIVE;
				CLANG_CXX_LANGUAGE_STANDARD = "gnu++14";
				CLANG_CXX_LIBRARY = "libc++";
				CLANG_ENABLE_MODULES = YES;
				CLANG_ENABLE_OBJC_ARC = YES;
				CLANG_ENABLE_OBJC_WEAK = YES;
				CLANG_WARN_BLOCK_CAPTURE_AUTORELEASING = YES;
				CLANG_WARN_BOOL_CONVERSION = YES;
				CLANG_WARN_COMMA = YES;
				CLANG_WARN_CONSTANT_CONVERSION = YES;
				CLANG_WARN_DEPRECATED_OBJC_IMPLEMENTATIONS = YES;
				CLANG_WARN_DIRECT_OBJC_ISA_USAGE = YES_ERROR;
				CLANG_WARN_DOCUMENTATION_COMMENTS = YES;
				CLANG_WARN_EMPTY_BODY = YES;
				CLANG_WARN_ENUM_CONVERSION = YES;
				CLANG_WARN_INFINITE_RECURSION = YES;
				CLANG_WARN_INT_CONVERSION = YES;
				CLANG_WARN_NON_LITERAL_NULL_CONVERSION = YES;
				CLANG_WARN_OBJC_IMPLICIT_RETAIN_SELF = YES;
				CLANG_WARN_OBJC_LITERAL_CONVERSION = YES;
				CLANG_WARN_OBJC_ROOT_CLASS = YES_ERROR;
				CLANG_WARN_RANGE_LOOP_ANALYSIS = YES;
				CLANG_WARN_STRICT_PROTOTYPES = YES;
				CLANG_WARN_SUSPICIOUS_MOVE = YES;
				CLANG_WARN_UNGUARDED_AVAILABILITY = YES_AGGRESSIVE;
				CLANG_WARN_UNREACHABLE_CODE = YES;
				CLANG_WARN__DUPLICATE_METHOD_MATCH = YES;
				CODE_SIGN_IDENTITY = "iPhone Developer";
				COPY_PHASE_STRIP = NO;
				CURRENT_PROJECT_VERSION = 1;
				DEBUG_INFORMATION_FORMAT = dwarf;
				ENABLE_STRICT_OBJC_MSGSEND = YES;
				ENABLE_TESTABILITY = YES;
				GCC_C_LANGUAGE_STANDARD = gnu11;
				GCC_DYNAMIC_NO_PIC = NO;
				GCC_NO_COMMON_BLOCKS = YES;
				GCC_OPTIMIZATION_LEVEL = 0;
				GCC_PREPROCESSOR_DEFINITIONS = (
					"DEBUG=1",
					"$(inherited)",
				);
				GCC_WARN_64_TO_32_BIT_CONVERSION = YES;
				GCC_WARN_ABOUT_RETURN_TYPE = YES_ERROR;
				GCC_WARN_UNDECLARED_SELECTOR = YES;
				GCC_WARN_UNINITIALIZED_AUTOS = YES_AGGRESSIVE;
				GCC_WARN_UNUSED_FUNCTION = YES;
				GCC_WARN_UNUSED_VARIABLE = YES;
				IPHONEOS_DEPLOYMENT_TARGET = 12.0;
				MTL_ENABLE_DEBUG_INFO = INCLUDE_SOURCE;
				MTL_FAST_MATH = YES;
				ONLY_ACTIVE_ARCH = YES;
				SDKROOT = iphoneos;
				SWIFT_ACTIVE_COMPILATION_CONDITIONS = DEBUG;
				SWIFT_OPTIMIZATION_LEVEL = "-Onone";
				VERSIONING_SYSTEM = "apple-generic";
				VERSION_INFO_PREFIX = "";
			};
			name = Debug;
		};
		AF4F27CF21BC3B3200D39C60 /* Release */ = {
			isa = XCBuildConfiguration;
			buildSettings = {
				ALWAYS_SEARCH_USER_PATHS = NO;
				CLANG_ANALYZER_NONNULL = YES;
				CLANG_ANALYZER_NUMBER_OBJECT_CONVERSION = YES_AGGRESSIVE;
				CLANG_CXX_LANGUAGE_STANDARD = "gnu++14";
				CLANG_CXX_LIBRARY = "libc++";
				CLANG_ENABLE_MODULES = YES;
				CLANG_ENABLE_OBJC_ARC = YES;
				CLANG_ENABLE_OBJC_WEAK = YES;
				CLANG_WARN_BLOCK_CAPTURE_AUTORELEASING = YES;
				CLANG_WARN_BOOL_CONVERSION = YES;
				CLANG_WARN_COMMA = YES;
				CLANG_WARN_CONSTANT_CONVERSION = YES;
				CLANG_WARN_DEPRECATED_OBJC_IMPLEMENTATIONS = YES;
				CLANG_WARN_DIRECT_OBJC_ISA_USAGE = YES_ERROR;
				CLANG_WARN_DOCUMENTATION_COMMENTS = YES;
				CLANG_WARN_EMPTY_BODY = YES;
				CLANG_WARN_ENUM_CONVERSION = YES;
				CLANG_WARN_INFINITE_RECURSION = YES;
				CLANG_WARN_INT_CONVERSION = YES;
				CLANG_WARN_NON_LITERAL_NULL_CONVERSION = YES;
				CLANG_WARN_OBJC_IMPLICIT_RETAIN_SELF = YES;
				CLANG_WARN_OBJC_LITERAL_CONVERSION = YES;
				CLANG_WARN_OBJC_ROOT_CLASS = YES_ERROR;
				CLANG_WARN_RANGE_LOOP_ANALYSIS = YES;
				CLANG_WARN_STRICT_PROTOTYPES = YES;
				CLANG_WARN_SUSPICIOUS_MOVE = YES;
				CLANG_WARN_UNGUARDED_AVAILABILITY = YES_AGGRESSIVE;
				CLANG_WARN_UNREACHABLE_CODE = YES;
				CLANG_WARN__DUPLICATE_METHOD_MATCH = YES;
				CODE_SIGN_IDENTITY = "iPhone Developer";
				COPY_PHASE_STRIP = NO;
				CURRENT_PROJECT_VERSION = 1;
				DEBUG_INFORMATION_FORMAT = "dwarf-with-dsym";
				ENABLE_NS_ASSERTIONS = NO;
				ENABLE_STRICT_OBJC_MSGSEND = YES;
				GCC_C_LANGUAGE_STANDARD = gnu11;
				GCC_NO_COMMON_BLOCKS = YES;
				GCC_WARN_64_TO_32_BIT_CONVERSION = YES;
				GCC_WARN_ABOUT_RETURN_TYPE = YES_ERROR;
				GCC_WARN_UNDECLARED_SELECTOR = YES;
				GCC_WARN_UNINITIALIZED_AUTOS = YES_AGGRESSIVE;
				GCC_WARN_UNUSED_FUNCTION = YES;
				GCC_WARN_UNUSED_VARIABLE = YES;
				IPHONEOS_DEPLOYMENT_TARGET = 12.0;
				MTL_ENABLE_DEBUG_INFO = NO;
				MTL_FAST_MATH = YES;
				SDKROOT = iphoneos;
				SWIFT_COMPILATION_MODE = wholemodule;
				SWIFT_OPTIMIZATION_LEVEL = "-O";
				VALIDATE_PRODUCT = YES;
				VERSIONING_SYSTEM = "apple-generic";
				VERSION_INFO_PREFIX = "";
			};
			name = Release;
		};
		AF4F27D121BC3B3200D39C60 /* Debug */ = {
			isa = XCBuildConfiguration;
			baseConfigurationReference = E79A965E70FE5C13B3DAFCB6 /* Pods-KnobFramework.debug.xcconfig */;
			buildSettings = {
				CLANG_ENABLE_MODULES = YES;
				CODE_SIGN_IDENTITY = "";
				CODE_SIGN_STYLE = Automatic;
				DEFINES_MODULE = YES;
				DEVELOPMENT_TEAM = 28UW7GL832;
				DYLIB_COMPATIBILITY_VERSION = 1;
				DYLIB_CURRENT_VERSION = 1;
				DYLIB_INSTALL_NAME_BASE = "@rpath";
				INFOPLIST_FILE = KnobFramework/Info.plist;
				INSTALL_PATH = "$(LOCAL_LIBRARY_DIR)/Frameworks";
				LD_RUNPATH_SEARCH_PATHS = (
					"$(inherited)",
					"@executable_path/Frameworks",
					"@loader_path/Frameworks",
				);
				PRODUCT_BUNDLE_IDENTIFIER = com.ouraigua.KnobFramework;
				PRODUCT_NAME = "$(TARGET_NAME:c99extidentifier)";
				SKIP_INSTALL = YES;
				SWIFT_OPTIMIZATION_LEVEL = "-Onone";
				SWIFT_VERSION = 4.2;
				TARGETED_DEVICE_FAMILY = "1,2";
			};
			name = Debug;
		};
		AF4F27D221BC3B3200D39C60 /* Release */ = {
			isa = XCBuildConfiguration;
			baseConfigurationReference = CD06525455A889F9C77DF83D /* Pods-KnobFramework.release.xcconfig */;
			buildSettings = {
				CLANG_ENABLE_MODULES = YES;
				CODE_SIGN_IDENTITY = "";
				CODE_SIGN_STYLE = Automatic;
				DEFINES_MODULE = YES;
				DEVELOPMENT_TEAM = 28UW7GL832;
				DYLIB_COMPATIBILITY_VERSION = 1;
				DYLIB_CURRENT_VERSION = 1;
				DYLIB_INSTALL_NAME_BASE = "@rpath";
				INFOPLIST_FILE = KnobFramework/Info.plist;
				INSTALL_PATH = "$(LOCAL_LIBRARY_DIR)/Frameworks";
				LD_RUNPATH_SEARCH_PATHS = (
					"$(inherited)",
					"@executable_path/Frameworks",
					"@loader_path/Frameworks",
				);
				PRODUCT_BUNDLE_IDENTIFIER = com.ouraigua.KnobFramework;
				PRODUCT_NAME = "$(TARGET_NAME:c99extidentifier)";
				SKIP_INSTALL = YES;
				SWIFT_VERSION = 4.2;
				TARGETED_DEVICE_FAMILY = "1,2";
			};
			name = Release;
		};
/* End XCBuildConfiguration section */

/* Begin XCConfigurationList section */
		AF4F27C221BC3B3200D39C60 /* Build configuration list for PBXProject "KnobFramework" */ = {
			isa = XCConfigurationList;
			buildConfigurations = (
				AF4F27CE21BC3B3200D39C60 /* Debug */,
				AF4F27CF21BC3B3200D39C60 /* Release */,
			);
			defaultConfigurationIsVisible = 0;
			defaultConfigurationName = Release;
		};
		AF4F27D021BC3B3200D39C60 /* Build configuration list for PBXNativeTarget "KnobFramework" */ = {
			isa = XCConfigurationList;
			buildConfigurations = (
				AF4F27D121BC3B3200D39C60 /* Debug */,
				AF4F27D221BC3B3200D39C60 /* Release */,
			);
			defaultConfigurationIsVisible = 0;
			defaultConfigurationName = Release;
		};
/* End XCConfigurationList section */
	};
	rootObject = AF4F27BF21BC3B3200D39C60 /* Project object */;
}
